{
  "schema_version": 1,
  "cargo_lock_sha256": "ab949d03893131c6ffbaef610babb9654933c9b5ee7bfadac6509d8f4e0d0111",
  "target_resolves": {
    "base": {
      "lava-datadog-0.1.1": {
        "runtime_dependencies": [],
        "build_dependencies": [],
        "features": []
      }
    },
    "targets": {
      "aarch64-apple-darwin": {
        "overrides": {}
      },
      "x86_64-apple-darwin": {
        "overrides": {}
      },
      "x86_64-unknown-linux-gnu": {
        "overrides": {}
      },
      "x86_64-unknown-linux-musl": {
        "overrides": {}
      },
      "aarch64-unknown-linux-gnu": {
        "overrides": {}
      },
      "aarch64-unknown-linux-musl": {
        "overrides": {}
      }
    }
  },
  "per_crate": {
    "lava-datadog-0.1.1": {
      "edition": "2024",
      "lib_target": {
        "name": "lava_datadog",
        "path": "src/lib.rs"
      }
    }
  },
  "git_nar_sha256": {},
  "flake_metadata": {}
}
